
Microsoft Visual Studio Solution File, Format Version 12.00
# Visual Studio Version 17
VisualStudioVersion = 17.8.34316.72
MinimumVisualStudioVersion = 10.0.40219.1
Project("{FAE04EC0-301F-11D3-BF4B-00C04F79EFBC}") = "LoggerUsingSerilog", "LoggerUsingSerilog\LoggerUsingSerilog.csproj", "{6B6684E4-091B-4FD9-A334-D669B6BDFFFE}"
EndProject
Global
	GlobalSection(SolutionConfigurationPlatforms) = preSolution
		Debug|Any CPU = Debug|Any CPU
		Release|Any CPU = Release|Any CPU
	EndGlobalSection
	GlobalSection(ProjectConfigurationPlatforms) = postSolution
		{6B6684E4-091B-4FD9-A334-D669B6BDFFFE}.Debug|Any CPU.ActiveCfg = Debug|Any CPU
		{6B6684E4-091B-4FD9-A334-D669B6BDFFFE}.Debug|Any CPU.Build.0 = Debug|Any CPU
		{6B6684E4-091B-4FD9-A334-D669B6BDFFFE}.Release|Any CPU.ActiveCfg = Release|Any CPU
		{6B6684E4-091B-4FD9-A334-D669B6BDFFFE}.Release|Any CPU.Build.0 = Release|Any CPU
	EndGlobalSection
	GlobalSection(SolutionProperties) = preSolution
		HideSolutionNode = FALSE
	EndGlobalSection
	GlobalSection(ExtensibilityGlobals) = postSolution
		SolutionGuid = {8447F550-CB89-419C-B3C3-394513FE6997}
	EndGlobalSection
EndGlobal
